SITE
  remote: http://community.opscode.com/api/v1
  specs:
    application (3.0.0)
    apt (2.3.0)
    build-essential (1.4.2)
    nodejs (1.3.0)
      apt (>= 0.0.0)
      build-essential (>= 0.0.0)
      yum (>= 0.0.0)
    omnibus_updater (0.2.4)
    yum (2.4.4)

GIT
  remote: https://github.com/conradev/application_nodejs
  ref: 2.0.0
  sha: 66123ba602598f681ce583b883beadc86480a008
  specs:
    application_nodejs (2.0.0)
      application (>= 0.0.0)
      nodejs (>= 0.0.0)

DEPENDENCIES
  application (= 3.0.0)
  application_nodejs (>= 0)
  apt (>= 0)
  omnibus_updater (>= 0)

